<?xml version="1.0" encoding="UTF-8" standalone="yes" ?>
<CodeBlocks_project_file>
	<FileVersion major="1" minor="6" />
	<Project>
		<Option title="PROYECTO1_AUTORES" />
		<Option pch_mode="2" />
		<Option compiler="gcc" />
		<Build>
			<Target title="Debug">
				<Option output="bin/Debug/PROYECTO1_AUTORES" prefix_auto="1" extension_auto="1" />
				<Option object_output="obj/Debug/" />
				<Option type="1" />
				<Option compiler="gcc" />
				<Compiler>
					<Add option="-g" />
				</Compiler>
			</Target>
			<Target title="Release">
				<Option output="bin/Release/PROYECTO1_AUTORES" prefix_auto="1" extension_auto="1" />
				<Option object_output="obj/Release/" />
				<Option type="1" />
				<Option compiler="gcc" />
				<Compiler>
					<Add option="-O2" />
				</Compiler>
				<Linker>
					<Add option="-s" />
				</Linker>
			</Target>
		</Build>
		<Compiler>
			<Add option="-Wall" />
			<Add option="-fexceptions" />
		</Compiler>
		<Unit filename="../Proyectos/PROYECTO_PARCIAL1/ListaCircularDoble.cpp" />
		<Unit filename="../Proyectos/PROYECTO_PARCIAL1/ListaCircularDoble.h" />
		<Unit filename="../Proyectos/PROYECTO_PARCIAL1/NodoLibro.cpp" />
		<Unit filename="../Proyectos/PROYECTO_PARCIAL1/NodoLibro.h" />
		<Unit filename="../Proyectos/PROYECTO_PARCIAL1/Validaciones.cpp" />
		<Unit filename="../Proyectos/PROYECTO_PARCIAL1/Validaciones.h" />
		<Unit filename="../Proyectos/PROYECTO_PARCIAL1/main.cpp" />
		<Extensions />
	</Project>
</CodeBlocks_project_file>
